
Microsoft Visual Studio Solution File, Format Version 9.00
# Visual Studio 2005
Project("{FAE04EC0-301F-11D3-BF4B-00C04F79EFBC}") = "ExcelCompare", "ExcelCompare.csproj", "{286C79D7-7459-4833-AB4C-BF2721AC8D6E}"
EndProject
Project("{FAE04EC0-301F-11D3-BF4B-00C04F79EFBC}") = "ControlLibrary", "..\ControlLibrary\ControlLibrary.csproj", "{51C391C3-45D8-4212-88AB-0606A323AFD7}"
EndProject
Project("{FAE04EC0-301F-11D3-BF4B-00C04F79EFBC}") = "Schroders.DataUtility", "..\Schroders.DataUtility\Schroders.DataUtility.csproj", "{83D143C6-F613-48E3-90F3-589E53ECCF42}"
EndProject
Global
	GlobalSection(SolutionConfigurationPlatforms) = preSolution
		Debug|Any CPU = Debug|Any CPU
		Release|Any CPU = Release|Any CPU
	EndGlobalSection
	GlobalSection(ProjectConfigurationPlatforms) = postSolution
		{286C79D7-7459-4833-AB4C-BF2721AC8D6E}.Debug|Any CPU.ActiveCfg = Debug|Any CPU
		{286C79D7-7459-4833-AB4C-BF2721AC8D6E}.Debug|Any CPU.Build.0 = Debug|Any CPU
		{286C79D7-7459-4833-AB4C-BF2721AC8D6E}.Release|Any CPU.ActiveCfg = Release|Any CPU
		{286C79D7-7459-4833-AB4C-BF2721AC8D6E}.Release|Any CPU.Build.0 = Release|Any CPU
		{51C391C3-45D8-4212-88AB-0606A323AFD7}.Debug|Any CPU.ActiveCfg = Debug|Any CPU
		{51C391C3-45D8-4212-88AB-0606A323AFD7}.Debug|Any CPU.Build.0 = Debug|Any CPU
		{51C391C3-45D8-4212-88AB-0606A323AFD7}.Release|Any CPU.ActiveCfg = Release|Any CPU
		{51C391C3-45D8-4212-88AB-0606A323AFD7}.Release|Any CPU.Build.0 = Release|Any CPU
		{83D143C6-F613-48E3-90F3-589E53ECCF42}.Debug|Any CPU.ActiveCfg = Debug|Any CPU
		{83D143C6-F613-48E3-90F3-589E53ECCF42}.Debug|Any CPU.Build.0 = Debug|Any CPU
		{83D143C6-F613-48E3-90F3-589E53ECCF42}.Release|Any CPU.ActiveCfg = Release|Any CPU
		{83D143C6-F613-48E3-90F3-589E53ECCF42}.Release|Any CPU.Build.0 = Release|Any CPU
	EndGlobalSection
	GlobalSection(SolutionProperties) = preSolution
		HideSolutionNode = FALSE
	EndGlobalSection
EndGlobal
